// !$*UTF8*$!
{
	archiveVersion = 1;
	classes = {
	};
	objectVersion = 56;
	objects = {

/* Begin PBXBuildFile section */
		4F815FE52A2D92110086959C /* Experinece.swift in Sources */ = {isa = PBXBuildFile; fileRef = 4F815FE42A2D92110086959C /* Experinece.swift */; };
		4F815FE72A2D92CD0086959C /* Education.swift in Sources */ = {isa = PBXBuildFile; fileRef = 4F815FE62A2D92CD0086959C /* Education.swift */; };
		4F815FEA2A2D95FA0086959C /* ExperienceView.swift in Sources */ = {isa = PBXBuildFile; fileRef = 4F815FE92A2D95FA0086959C /* ExperienceView.swift */; };
		4F815FED2A2D9CEA0086959C /* SkillsView.swift in Sources */ = {isa = PBXBuildFile; fileRef = 4F815FEC2A2D9CEA0086959C /* SkillsView.swift */; };
		4F815FEF2A2D9D000086959C /* EducationalView.swift in Sources */ = {isa = PBXBuildFile; fileRef = 4F815FEE2A2D9D000086959C /* EducationalView.swift */; };
		4FEF18192A2749F9001F9C81 /* MyCVApp.swift in Sources */ = {isa = PBXBuildFile; fileRef = 4FEF18182A2749F9001F9C81 /* MyCVApp.swift */; };
		4FEF181B2A2749F9001F9C81 /* ContentView.swift in Sources */ = {isa = PBXBuildFile; fileRef = 4FEF181A2A2749F9001F9C81 /* ContentView.swift */; };
		4FEF181D2A2749FA001F9C81 /* Assets.xcassets in Resources */ = {isa = PBXBuildFile; fileRef = 4FEF181C2A2749FA001F9C81 /* Assets.xcassets */; };
		4FEF18202A2749FA001F9C81 /* Preview Assets.xcassets in Resources */ = {isa = PBXBuildFile; fileRef = 4FEF181F2A2749FA001F9C81 /* Preview Assets.xcassets */; };
		4FEF182A2A2749FB001F9C81 /* MyCVTests.swift in Sources */ = {isa = PBXBuildFile; fileRef = 4FEF18292A2749FB001F9C81 /* MyCVTests.swift */; };
		4FEF18342A2749FB001F9C81 /* MyCVUITests.swift in Sources */ = {isa = PBXBuildFile; fileRef = 4FEF18332A2749FB001F9C81 /* MyCVUITests.swift */; };
		4FEF18362A2749FB001F9C81 /* MyCVUITestsLaunchTests.swift in Sources */ = {isa = PBXBuildFile; fileRef = 4FEF18352A2749FB001F9C81 /* MyCVUITestsLaunchTests.swift */; };
/* End PBXBuildFile section */

/* Begin PBXContainerItemProxy section */
		4FEF18262A2749FB001F9C81 /* PBXContainerItemProxy */ = {
			isa = PBXContainerItemProxy;
			containerPortal = 4FEF180D2A2749F9001F9C81 /* Project object */;
			proxyType = 1;
			remoteGlobalIDString = 4FEF18142A2749F9001F9C81;
			remoteInfo = MyCV;
		};
		4FEF18302A2749FB001F9C81 /* PBXContainerItemProxy */ = {
			isa = PBXContainerItemProxy;
			containerPortal = 4FEF180D2A2749F9001F9C81 /* Project object */;
			proxyType = 1;
			remoteGlobalIDString = 4FEF18142A2749F9001F9C81;
			remoteInfo = MyCV;
		};
/* End PBXContainerItemProxy section */

/* Begin PBXFileReference section */
		4F815FE42A2D92110086959C /* Experinece.swift */ = {isa = PBXFileReference; lastKnownFileType = sourcecode.swift; path = Experinece.swift; sourceTree = "<group>"; };
		4F815FE62A2D92CD0086959C /* Education.swift */ = {isa = PBXFileReference; lastKnownFileType = sourcecode.swift; path = Education.swift; sourceTree = "<group>"; };
		4F815FE92A2D95FA0086959C /* ExperienceView.swift */ = {isa = PBXFileReference; lastKnownFileType = sourcecode.swift; path = ExperienceView.swift; sourceTree = "<group>"; };
		4F815FEC2A2D9CEA0086959C /* SkillsView.swift */ = {isa = PBXFileReference; lastKnownFileType = sourcecode.swift; path = SkillsView.swift; sourceTree = "<group>"; };
		4F815FEE2A2D9D000086959C /* EducationalView.swift */ = {isa = PBXFileReference; lastKnownFileType = sourcecode.swift; path = EducationalView.swift; sourceTree = "<group>"; };
		4FEF18152A2749F9001F9C81 /* MyCV.app */ = {isa = PBXFileReference; explicitFileType = wrapper.application; includeInIndex = 0; path = MyCV.app; sourceTree = BUILT_PRODUCTS_DIR; };
		4FEF18182A2749F9001F9C81 /* MyCVApp.swift */ = {isa = PBXFileReference; lastKnownFileType = sourcecode.swift; path = MyCVApp.swift; sourceTree = "<group>"; };
		4FEF181A2A2749F9001F9C81 /* ContentView.swift */ = {isa = PBXFileReference; lastKnownFileType = sourcecode.swift; path = ContentView.swift; sourceTree = "<group>"; };
		4FEF181C2A2749FA001F9C81 /* Assets.xcassets */ = {isa = PBXFileReference; lastKnownFileType = folder.assetcatalog; path = Assets.xcassets; sourceTree = "<group>"; };
		4FEF181F2A2749FA001F9C81 /* Preview Assets.xcassets */ = {isa = PBXFileReference; lastKnownFileType = folder.assetcatalog; path = "Preview Assets.xcassets"; sourceTree = "<group>"; };
		4FEF18252A2749FB001F9C81 /* MyCVTests.xctest */ = {isa = PBXFileReference; explicitFileType = wrapper.cfbundle; includeInIndex = 0; path = MyCVTests.xctest; sourceTree = BUILT_PRODUCTS_DIR; };
		4FEF18292A2749FB001F9C81 /* MyCVTests.swift */ = {isa = PBXFileReference; lastKnownFileType = sourcecode.swift; path = MyCVTests.swift; sourceTree = "<group>"; };
		4FEF182F2A2749FB001F9C81 /* MyCVUITests.xctest */ = {isa = PBXFileReference; explicitFileType = wrapper.cfbundle; includeInIndex = 0; path = MyCVUITests.xctest; sourceTree = BUILT_PRODUCTS_DIR; };
		4FEF18332A2749FB001F9C81 /* MyCVUITests.swift */ = {isa = PBXFileReference; lastKnownFileType = sourcecode.swift; path = MyCVUITests.swift; sourceTree = "<group>"; };
		4FEF18352A2749FB001F9C81 /* MyCVUITestsLaunchTests.swift */ = {isa = PBXFileReference; lastKnownFileType = sourcecode.swift; path = MyCVUITestsLaunchTests.swift; sourceTree = "<group>"; };
/* End PBXFileReference section */

/* Begin PBXFrameworksBuildPhase section */
		4FEF18122A2749F9001F9C81 /* Frameworks */ = {
			isa = PBXFrameworksBuildPhase;
			buildActionMask = 2147483647;
			files = (
			);
			runOnlyForDeploymentPostprocessing = 0;
		};
		4FEF18222A2749FB001F9C81 /* Frameworks */ = {
			isa = PBXFrameworksBuildPhase;
			buildActionMask = 2147483647;
			files = (
			);
			runOnlyForDeploymentPostprocessing = 0;
		};
		4FEF182C2A2749FB001F9C81 /* Frameworks */ = {
			isa = PBXFrameworksBuildPhase;
			buildActionMask = 2147483647;
			files = (
			);
			runOnlyForDeploymentPostprocessing = 0;
		};
/* End PBXFrameworksBuildPhase section */

/* Begin PBXGroup section */
		4F815FE82A2D92D00086959C /* Model */ = {
			isa = PBXGroup;
			children = (
				4F815FE42A2D92110086959C /* Experinece.swift */,
				4F815FE62A2D92CD0086959C /* Education.swift */,
			);
			path = Model;
			sourceTree = "<group>";
		};
		4F815FEB2A2D9CD70086959C /* View */ = {
			isa = PBXGroup;
			children = (
				4F815FE92A2D95FA0086959C /* ExperienceView.swift */,
				4F815FEE2A2D9D000086959C /* EducationalView.swift */,
				4F815FEC2A2D9CEA0086959C /* SkillsView.swift */,
			);
			path = View;
			sourceTree = "<group>";
		};
		4FEF180C2A2749F9001F9C81 = {
			isa = PBXGroup;
			children = (
				4FEF18172A2749F9001F9C81 /* MyCV */,
				4FEF18282A2749FB001F9C81 /* MyCVTests */,
				4FEF18322A2749FB001F9C81 /* MyCVUITests */,
				4FEF18162A2749F9001F9C81 /* Products */,
			);
			sourceTree = "<group>";
		};
		4FEF18162A2749F9001F9C81 /* Products */ = {
			isa = PBXGroup;
			children = (
				4FEF18152A2749F9001F9C81 /* MyCV.app */,
				4FEF18252A2749FB001F9C81 /* MyCVTests.xctest */,
				4FEF182F2A2749FB001F9C81 /* MyCVUITests.xctest */,
			);
			name = Products;
			sourceTree = "<group>";
		};
		4FEF18172A2749F9001F9C81 /* MyCV */ = {
			isa = PBXGroup;
			children = (
				4FEF18182A2749F9001F9C81 /* MyCVApp.swift */,
				4FEF181A2A2749F9001F9C81 /* ContentView.swift */,
				4F815FEB2A2D9CD70086959C /* View */,
				4F815FE82A2D92D00086959C /* Model */,
				4FEF181C2A2749FA001F9C81 /* Assets.xcassets */,
				4FEF181E2A2749FA001F9C81 /* Preview Content */,
			);
			path = MyCV;
			sourceTree = "<group>";
		};
		4FEF181E2A2749FA001F9C81 /* Preview Content */ = {
			isa = PBXGroup;
			children = (
				4FEF181F2A2749FA001F9C81 /* Preview Assets.xcassets */,
			);
			path = "Preview Content";
			sourceTree = "<group>";
		};
		4FEF18282A2749FB001F9C81 /* MyCVTests */ = {
			isa = PBXGroup;
			children = (
				4FEF18292A2749FB001F9C81 /* MyCVTests.swift */,
			);
			path = MyCVTests;
			sourceTree = "<group>";
		};
		4FEF18322A2749FB001F9C81 /* MyCVUITests */ = {
			isa = PBXGroup;
			children = (
				4FEF18332A2749FB001F9C81 /* MyCVUITests.swift */,
				4FEF18352A2749FB001F9C81 /* MyCVUITestsLaunchTests.swift */,
			);
			path = MyCVUITests;
			sourceTree = "<group>";
		};
/* End PBXGroup section */

/* Begin PBXNativeTarget section */
		4FEF18142A2749F9001F9C81 /* MyCV */ = {
			isa = PBXNativeTarget;
			buildConfigurationList = 4FEF18392A2749FB001F9C81 /* Build configuration list for PBXNativeTarget "MyCV" */;
			buildPhases = (
				4FEF18112A2749F9001F9C81 /* Sources */,
				4FEF18122A2749F9001F9C81 /* Frameworks */,
				4FEF18132A2749F9001F9C81 /* Resources */,
			);
			buildRules = (
			);
			dependencies = (
			);
			name = MyCV;
			productName = MyCV;
			productReference = 4FEF18152A2749F9001F9C81 /* MyCV.app */;
			productType = "com.apple.product-type.application";
		};
		4FEF18242A2749FB001F9C81 /* MyCVTests */ = {
			isa = PBXNativeTarget;
			buildConfigurationList = 4FEF183C2A2749FB001F9C81 /* Build configuration list for PBXNativeTarget "MyCVTests" */;
			buildPhases = (
				4FEF18212A2749FB001F9C81 /* Sources */,
				4FEF18222A2749FB001F9C81 /* Frameworks */,
				4FEF18232A2749FB001F9C81 /* Resources */,
			);
			buildRules = (
			);
			dependencies = (
				4FEF18272A2749FB001F9C81 /* PBXTargetDependency */,
			);
			name = MyCVTests;
			productName = MyCVTests;
			productReference = 4FEF18252A2749FB001F9C81 /* MyCVTests.xctest */;
			productType = "com.apple.product-type.bundle.unit-test";
		};
		4FEF182E2A2749FB001F9C81 /* MyCVUITests */ = {
			isa = PBXNativeTarget;
			buildConfigurationList = 4FEF183F2A2749FB001F9C81 /* Build configuration list for PBXNativeTarget "MyCVUITests" */;
			buildPhases = (
				4FEF182B2A2749FB001F9C81 /* Sources */,
				4FEF182C2A2749FB001F9C81 /* Frameworks */,
				4FEF182D2A2749FB001F9C81 /* Resources */,
			);
			buildRules = (
			);
			dependencies = (
				4FEF18312A2749FB001F9C81 /* PBXTargetDependency */,
			);
			name = MyCVUITests;
			productName = MyCVUITests;
			productReference = 4FEF182F2A2749FB001F9C81 /* MyCVUITests.xctest */;
			productType = "com.apple.product-type.bundle.ui-testing";
		};
/* End PBXNativeTarget section */

/* Begin PBXProject section */
		4FEF180D2A2749F9001F9C81 /* Project object */ = {
			isa = PBXProject;
			attributes = {
				BuildIndependentTargetsInParallel = 1;
				LastSwiftUpdateCheck = 1430;
				LastUpgradeCheck = 1430;
				TargetAttributes = {
					4FEF18142A2749F9001F9C81 = {
						CreatedOnToolsVersion = 14.3;
					};
					4FEF18242A2749FB001F9C81 = {
						CreatedOnToolsVersion = 14.3;
						TestTargetID = 4FEF18142A2749F9001F9C81;
					};
					4FEF182E2A2749FB001F9C81 = {
						CreatedOnToolsVersion = 14.3;
						TestTargetID = 4FEF18142A2749F9001F9C81;
					};
				};
			};
			buildConfigurationList = 4FEF18102A2749F9001F9C81 /* Build configuration list for PBXProject "MyCV" */;
			compatibilityVersion = "Xcode 14.0";
			developmentRegion = en;
			hasScannedForEncodings = 0;
			knownRegions = (
				en,
				Base,
			);
			mainGroup = 4FEF180C2A2749F9001F9C81;
			productRefGroup = 4FEF18162A2749F9001F9C81 /* Products */;
			projectDirPath = "";
			projectRoot = "";
			targets = (
				4FEF18142A2749F9001F9C81 /* MyCV */,
				4FEF18242A2749FB001F9C81 /* MyCVTests */,
				4FEF182E2A2749FB001F9C81 /* MyCVUITests */,
			);
		};
/* End PBXProject section */

/* Begin PBXResourcesBuildPhase section */
		4FEF18132A2749F9001F9C81 /* Resources */ = {
			isa = PBXResourcesBuildPhase;
			buildActionMask = 2147483647;
			files = (
				4FEF18202A2749FA001F9C81 /* Preview Assets.xcassets in Resources */,
				4FEF181D2A2749FA001F9C81 /* Assets.xcassets in Resources */,
			);
			runOnlyForDeploymentPostprocessing = 0;
		};
		4FEF18232A2749FB001F9C81 /* Resources */ = {
			isa = PBXResourcesBuildPhase;
			buildActionMask = 2147483647;
			files = (
			);
			runOnlyForDeploymentPostprocessing = 0;
		};
		4FEF182D2A2749FB001F9C81 /* Resources */ = {
			isa = PBXResourcesBuildPhase;
			buildActionMask = 2147483647;
			files = (
			);
			runOnlyForDeploymentPostprocessing = 0;
		};
/* End PBXResourcesBuildPhase section */

/* Begin PBXSourcesBuildPhase section */
		4FEF18112A2749F9001F9C81 /* Sources */ = {
			isa = PBXSourcesBuildPhase;
			buildActionMask = 2147483647;
			files = (
				4F815FED2A2D9CEA0086959C /* SkillsView.swift in Sources */,
				4F815FE52A2D92110086959C /* Experinece.swift in Sources */,
				4FEF181B2A2749F9001F9C81 /* ContentView.swift in Sources */,
				4F815FE72A2D92CD0086959C /* Education.swift in Sources */,
				4F815FEA2A2D95FA0086959C /* ExperienceView.swift in Sources */,
				4F815FEF2A2D9D000086959C /* EducationalView.swift in Sources */,
				4FEF18192A2749F9001F9C81 /* MyCVApp.swift in Sources */,
			);
			runOnlyForDeploymentPostprocessing = 0;
		};
		4FEF18212A2749FB001F9C81 /* Sources */ = {
			isa = PBXSourcesBuildPhase;
			buildActionMask = 2147483647;
			files = (
				4FEF182A2A2749FB001F9C81 /* MyCVTests.swift in Sources */,
			);
			runOnlyForDeploymentPostprocessing = 0;
		};
		4FEF182B2A2749FB001F9C81 /* Sources */ = {
			isa = PBXSourcesBuildPhase;
			buildActionMask = 2147483647;
			files = (
				4FEF18342A2749FB001F9C81 /* MyCVUITests.swift in Sources */,
				4FEF18362A2749FB001F9C81 /* MyCVUITestsLaunchTests.swift in Sources */,
			);
			runOnlyForDeploymentPostprocessing = 0;
		};
/* End PBXSourcesBuildPhase section */

/* Begin PBXTargetDependency section */
		4FEF18272A2749FB001F9C81 /* PBXTargetDependency */ = {
			isa = PBXTargetDependency;
			target = 4FEF18142A2749F9001F9C81 /* MyCV */;
			targetProxy = 4FEF18262A2749FB001F9C81 /* PBXContainerItemProxy */;
		};
		4FEF18312A2749FB001F9C81 /* PBXTargetDependency */ = {
			isa = PBXTargetDependency;
			target = 4FEF18142A2749F9001F9C81 /* MyCV */;
			targetProxy = 4FEF18302A2749FB001F9C81 /* PBXContainerItemProxy */;
		};
/* End PBXTargetDependency section */

/* Begin XCBuildConfiguration section */
		4FEF18372A2749FB001F9C81 /* Debug */ = {
			isa = XCBuildConfiguration;
			buildSettings = {
				ALWAYS_SEARCH_USER_PATHS = NO;
				CLANG_ANALYZER_NONNULL = YES;
				CLANG_ANALYZER_NUMBER_OBJECT_CONVERSION = YES_AGGRESSIVE;
				CLANG_CXX_LANGUAGE_STANDARD = "gnu++20";
				CLANG_ENABLE_MODULES = YES;
				CLANG_ENABLE_OBJC_ARC = YES;
				CLANG_ENABLE_OBJC_WEAK = YES;
				CLANG_WARN_BLOCK_CAPTURE_AUTORELEASING = YES;
				CLANG_WARN_BOOL_CONVERSION = YES;
				CLANG_WARN_COMMA = YES;
				CLANG_WARN_CONSTANT_CONVERSION = YES;
				CLANG_WARN_DEPRECATED_OBJC_IMPLEMENTATIONS = YES;
				CLANG_WARN_DIRECT_OBJC_ISA_USAGE = YES_ERROR;
				CLANG_WARN_DOCUMENTATION_COMMENTS = YES;
				CLANG_WARN_EMPTY_BODY = YES;
				CLANG_WARN_ENUM_CONVERSION = YES;
				CLANG_WARN_INFINITE_RECURSION = YES;
				CLANG_WARN_INT_CONVERSION = YES;
				CLANG_WARN_NON_LITERAL_NULL_CONVERSION = YES;
				CLANG_WARN_OBJC_IMPLICIT_RETAIN_SELF = YES;
				CLANG_WARN_OBJC_LITERAL_CONVERSION = YES;
				CLANG_WARN_OBJC_ROOT_CLASS = YES_ERROR;
				CLANG_WARN_QUOTED_INCLUDE_IN_FRAMEWORK_HEADER = YES;
				CLANG_WARN_RANGE_LOOP_ANALYSIS = YES;
				CLANG_WARN_STRICT_PROTOTYPES = YES;
				CLANG_WARN_SUSPICIOUS_MOVE = YES;
				CLANG_WARN_UNGUARDED_AVAILABILITY = YES_AGGRESSIVE;
				CLANG_WARN_UNREACHABLE_CODE = YES;
				CLANG_WARN__DUPLICATE_METHOD_MATCH = YES;
				COPY_PHASE_STRIP = NO;
				DEBUG_INFORMATION_FORMAT = dwarf;
				ENABLE_STRICT_OBJC_MSGSEND = YES;
				ENABLE_TESTABILITY = YES;
				GCC_C_LANGUAGE_STANDARD = gnu11;
				GCC_DYNAMIC_NO_PIC = NO;
				GCC_NO_COMMON_BLOCKS = YES;
				GCC_OPTIMIZATION_LEVEL = 0;
				GCC_PREPROCESSOR_DEFINITIONS = (
					"DEBUG=1",
					"$(inherited)",
				);
				GCC_WARN_64_TO_32_BIT_CONVERSION = YES;
				GCC_WARN_ABOUT_RETURN_TYPE = YES_ERROR;
				GCC_WARN_UNDECLARED_SELECTOR = YES;
				GCC_WARN_UNINITIALIZED_AUTOS = YES_AGGRESSIVE;
				GCC_WARN_UNUSED_FUNCTION = YES;
				GCC_WARN_UNUSED_VARIABLE = YES;
				IPHONEOS_DEPLOYMENT_TARGET = 16.4;
				MTL_ENABLE_DEBUG_INFO = INCLUDE_SOURCE;
				MTL_FAST_MATH = YES;
				ONLY_ACTIVE_ARCH = YES;
				SDKROOT = iphoneos;
				SWIFT_ACTIVE_COMPILATION_CONDITIONS = DEBUG;
				SWIFT_OPTIMIZATION_LEVEL = "-Onone";
			};
			name = Debug;
		};
		4FEF18382A2749FB001F9C81 /* Release */ = {
			isa = XCBuildConfiguration;
			buildSettings = {
				ALWAYS_SEARCH_USER_PATHS = NO;
				CLANG_ANALYZER_NONNULL = YES;
				CLANG_ANALYZER_NUMBER_OBJECT_CONVERSION = YES_AGGRESSIVE;
				CLANG_CXX_LANGUAGE_STANDARD = "gnu++20";
				CLANG_ENABLE_MODULES = YES;
				CLANG_ENABLE_OBJC_ARC = YES;
				CLANG_ENABLE_OBJC_WEAK = YES;
				CLANG_WARN_BLOCK_CAPTURE_AUTORELEASING = YES;
				CLANG_WARN_BOOL_CONVERSION = YES;
				CLANG_WARN_COMMA = YES;
				CLANG_WARN_CONSTANT_CONVERSION = YES;
				CLANG_WARN_DEPRECATED_OBJC_IMPLEMENTATIONS = YES;
				CLANG_WARN_DIRECT_OBJC_ISA_USAGE = YES_ERROR;
				CLANG_WARN_DOCUMENTATION_COMMENTS = YES;
				CLANG_WARN_EMPTY_BODY = YES;
				CLANG_WARN_ENUM_CONVERSION = YES;
				CLANG_WARN_INFINITE_RECURSION = YES;
				CLANG_WARN_INT_CONVERSION = YES;
				CLANG_WARN_NON_LITERAL_NULL_CONVERSION = YES;
				CLANG_WARN_OBJC_IMPLICIT_RETAIN_SELF = YES;
				CLANG_WARN_OBJC_LITERAL_CONVERSION = YES;
				CLANG_WARN_OBJC_ROOT_CLASS = YES_ERROR;
				CLANG_WARN_QUOTED_INCLUDE_IN_FRAMEWORK_HEADER = YES;
				CLANG_WARN_RANGE_LOOP_ANALYSIS = YES;
				CLANG_WARN_STRICT_PROTOTYPES = YES;
				CLANG_WARN_SUSPICIOUS_MOVE = YES;
				CLANG_WARN_UNGUARDED_AVAILABILITY = YES_AGGRESSIVE;
				CLANG_WARN_UNREACHABLE_CODE = YES;
				CLANG_WARN__DUPLICATE_METHOD_MATCH = YES;
				COPY_PHASE_STRIP = NO;
				DEBUG_INFORMATION_FORMAT = "dwarf-with-dsym";
				ENABLE_NS_ASSERTIONS = NO;
				ENABLE_STRICT_OBJC_MSGSEND = YES;
				GCC_C_LANGUAGE_STANDARD = gnu11;
				GCC_NO_COMMON_BLOCKS = YES;
				GCC_WARN_64_TO_32_BIT_CONVERSION = YES;
				GCC_WARN_ABOUT_RETURN_TYPE = YES_ERROR;
				GCC_WARN_UNDECLARED_SELECTOR = YES;
				GCC_WARN_UNINITIALIZED_AUTOS = YES_AGGRESSIVE;
				GCC_WARN_UNUSED_FUNCTION = YES;
				GCC_WARN_UNUSED_VARIABLE = YES;
				IPHONEOS_DEPLOYMENT_TARGET = 16.4;
				MTL_ENABLE_DEBUG_INFO = NO;
				MTL_FAST_MATH = YES;
				SDKROOT = iphoneos;
				SWIFT_COMPILATION_MODE = wholemodule;
				SWIFT_OPTIMIZATION_LEVEL = "-O";
				VALIDATE_PRODUCT = YES;
			};
			name = Release;
		};
		4FEF183A2A2749FB001F9C81 /* Debug */ = {
			isa = XCBuildConfiguration;
			buildSettings = {
				ASSETCATALOG_COMPILER_APPICON_NAME = AppIcon;
				ASSETCATALOG_COMPILER_GLOBAL_ACCENT_COLOR_NAME = AccentColor;
				CODE_SIGN_STYLE = Automatic;
				CURRENT_PROJECT_VERSION = 1;
				DEVELOPMENT_ASSET_PATHS = "\"MyCV/Preview Content\"";
				DEVELOPMENT_TEAM = 925LD6VDN2;
				ENABLE_PREVIEWS = YES;
				GENERATE_INFOPLIST_FILE = YES;
				INFOPLIST_KEY_UIApplicationSceneManifest_Generation = YES;
				INFOPLIST_KEY_UIApplicationSupportsIndirectInputEvents = YES;
				INFOPLIST_KEY_UILaunchScreen_Generation = YES;
				INFOPLIST_KEY_UISupportedInterfaceOrientations_iPad = "UIInterfaceOrientationPortrait UIInterfaceOrientationPortraitUpsideDown UIInterfaceOrientationLandscapeLeft UIInterfaceOrientationLandscapeRight";
				INFOPLIST_KEY_UISupportedInterfaceOrientations_iPhone = "UIInterfaceOrientationPortrait UIInterfaceOrientationLandscapeLeft UIInterfaceOrientationLandscapeRight";
				LD_RUNPATH_SEARCH_PATHS = (
					"$(inherited)",
					"@executable_path/Frameworks",
				);
				MARKETING_VERSION = 1.0;
				PRODUCT_BUNDLE_IDENTIFIER = com.bnh.MyCV;
				PRODUCT_NAME = "$(TARGET_NAME)";
				SWIFT_EMIT_LOC_STRINGS = YES;
				SWIFT_VERSION = 5.0;
				TARGETED_DEVICE_FAMILY = "1,2";
			};
			name = Debug;
		};
		4FEF183B2A2749FB001F9C81 /* Release */ = {
			isa = XCBuildConfiguration;
			buildSettings = {
				ASSETCATALOG_COMPILER_APPICON_NAME = AppIcon;
				ASSETCATALOG_COMPILER_GLOBAL_ACCENT_COLOR_NAME = AccentColor;
				CODE_SIGN_STYLE = Automatic;
				CURRENT_PROJECT_VERSION = 1;
				DEVELOPMENT_ASSET_PATHS = "\"MyCV/Preview Content\"";
				DEVELOPMENT_TEAM = 925LD6VDN2;
				ENABLE_PREVIEWS = YES;
				GENERATE_INFOPLIST_FILE = YES;
				INFOPLIST_KEY_UIApplicationSceneManifest_Generation = YES;
				INFOPLIST_KEY_UIApplicationSupportsIndirectInputEvents = YES;
				INFOPLIST_KEY_UILaunchScreen_Generation = YES;
				INFOPLIST_KEY_UISupportedInterfaceOrientations_iPad = "UIInterfaceOrientationPortrait UIInterfaceOrientationPortraitUpsideDown UIInterfaceOrientationLandscapeLeft UIInterfaceOrientationLandscapeRight";
				INFOPLIST_KEY_UISupportedInterfaceOrientations_iPhone = "UIInterfaceOrientationPortrait UIInterfaceOrientationLandscapeLeft UIInterfaceOrientationLandscapeRight";
				LD_RUNPATH_SEARCH_PATHS = (
					"$(inherited)",
					"@executable_path/Frameworks",
				);
				MARKETING_VERSION = 1.0;
				PRODUCT_BUNDLE_IDENTIFIER = com.bnh.MyCV;
				PRODUCT_NAME = "$(TARGET_NAME)";
				SWIFT_EMIT_LOC_STRINGS = YES;
				SWIFT_VERSION = 5.0;
				TARGETED_DEVICE_FAMILY = "1,2";
			};
			name = Release;
		};
		4FEF183D2A2749FB001F9C81 /* Debug */ = {
			isa = XCBuildConfiguration;
			buildSettings = {
				ALWAYS_EMBED_SWIFT_STANDARD_LIBRARIES = YES;
				BUNDLE_LOADER = "$(TEST_HOST)";
				CODE_SIGN_STYLE = Automatic;
				CURRENT_PROJECT_VERSION = 1;
				DEVELOPMENT_TEAM = 925LD6VDN2;
				GENERATE_INFOPLIST_FILE = YES;
				IPHONEOS_DEPLOYMENT_TARGET = 16.4;
				MARKETING_VERSION = 1.0;
				PRODUCT_BUNDLE_IDENTIFIER = com.bnh.MyCVTests;
				PRODUCT_NAME = "$(TARGET_NAME)";
				SWIFT_EMIT_LOC_STRINGS = NO;
				SWIFT_VERSION = 5.0;
				TARGETED_DEVICE_FAMILY = "1,2";
				TEST_HOST = "$(BUILT_PRODUCTS_DIR)/MyCV.app/$(BUNDLE_EXECUTABLE_FOLDER_PATH)/MyCV";
			};
			name = Debug;
		};
		4FEF183E2A2749FB001F9C81 /* Release */ = {
			isa = XCBuildConfiguration;
			buildSettings = {
				ALWAYS_EMBED_SWIFT_STANDARD_LIBRARIES = YES;
				BUNDLE_LOADER = "$(TEST_HOST)";
				CODE_SIGN_STYLE = Automatic;
				CURRENT_PROJECT_VERSION = 1;
				DEVELOPMENT_TEAM = 925LD6VDN2;
				GENERATE_INFOPLIST_FILE = YES;
				IPHONEOS_DEPLOYMENT_TARGET = 16.4;
				MARKETING_VERSION = 1.0;
				PRODUCT_BUNDLE_IDENTIFIER = com.bnh.MyCVTests;
				PRODUCT_NAME = "$(TARGET_NAME)";
				SWIFT_EMIT_LOC_STRINGS = NO;
				SWIFT_VERSION = 5.0;
				TARGETED_DEVICE_FAMILY = "1,2";
				TEST_HOST = "$(BUILT_PRODUCTS_DIR)/MyCV.app/$(BUNDLE_EXECUTABLE_FOLDER_PATH)/MyCV";
			};
			name = Release;
		};
		4FEF18402A2749FB001F9C81 /* Debug */ = {
			isa = XCBuildConfiguration;
			buildSettings = {
				ALWAYS_EMBED_SWIFT_STANDARD_LIBRARIES = YES;
				CODE_SIGN_STYLE = Automatic;
				CURRENT_PROJECT_VERSION = 1;
				DEVELOPMENT_TEAM = 925LD6VDN2;
				GENERATE_INFOPLIST_FILE = YES;
				MARKETING_VERSION = 1.0;
				PRODUCT_BUNDLE_IDENTIFIER = com.bnh.MyCVUITests;
				PRODUCT_NAME = "$(TARGET_NAME)";
				SWIFT_EMIT_LOC_STRINGS = NO;
				SWIFT_VERSION = 5.0;
				TARGETED_DEVICE_FAMILY = "1,2";
				TEST_TARGET_NAME = MyCV;
			};
			name = Debug;
		};
		4FEF18412A2749FB001F9C81 /* Release */ = {
			isa = XCBuildConfiguration;
			buildSettings = {
				ALWAYS_EMBED_SWIFT_STANDARD_LIBRARIES = YES;
				CODE_SIGN_STYLE = Automatic;
				CURRENT_PROJECT_VERSION = 1;
				DEVELOPMENT_TEAM = 925LD6VDN2;
				GENERATE_INFOPLIST_FILE = YES;
				MARKETING_VERSION = 1.0;
				PRODUCT_BUNDLE_IDENTIFIER = com.bnh.MyCVUITests;
				PRODUCT_NAME = "$(TARGET_NAME)";
				SWIFT_EMIT_LOC_STRINGS = NO;
				SWIFT_VERSION = 5.0;
				TARGETED_DEVICE_FAMILY = "1,2";
				TEST_TARGET_NAME = MyCV;
			};
			name = Release;
		};
/* End XCBuildConfiguration section */

/* Begin XCConfigurationList section */
		4FEF18102A2749F9001F9C81 /* Build configuration list for PBXProject "MyCV" */ = {
			isa = XCConfigurationList;
			buildConfigurations = (
				4FEF18372A2749FB001F9C81 /* Debug */,
				4FEF18382A2749FB001F9C81 /* Release */,
			);
			defaultConfigurationIsVisible = 0;
			defaultConfigurationName = Release;
		};
		4FEF18392A2749FB001F9C81 /* Build configuration list for PBXNativeTarget "MyCV" */ = {
			isa = XCConfigurationList;
			buildConfigurations = (
				4FEF183A2A2749FB001F9C81 /* Debug */,
				4FEF183B2A2749FB001F9C81 /* Release */,
			);
			defaultConfigurationIsVisible = 0;
			defaultConfigurationName = Release;
		};
		4FEF183C2A2749FB001F9C81 /* Build configuration list for PBXNativeTarget "MyCVTests" */ = {
			isa = XCConfigurationList;
			buildConfigurations = (
				4FEF183D2A2749FB001F9C81 /* Debug */,
				4FEF183E2A2749FB001F9C81 /* Release */,
			);
			defaultConfigurationIsVisible = 0;
			defaultConfigurationName = Release;
		};
		4FEF183F2A2749FB001F9C81 /* Build configuration list for PBXNativeTarget "MyCVUITests" */ = {
			isa = XCConfigurationList;
			buildConfigurations = (
				4FEF18402A2749FB001F9C81 /* Debug */,
				4FEF18412A2749FB001F9C81 /* Release */,
			);
			defaultConfigurationIsVisible = 0;
			defaultConfigurationName = Release;
		};
/* End XCConfigurationList section */
	};
	rootObject = 4FEF180D2A2749F9001F9C81 /* Project object */;
}
